# This file is automatically @generated by Cargo.
# It is not intended for manual editing.
version = 4

[[package]]
name = "bm-bridge-beetle"
version = "0.1.0"
dependencies = [
 "bm-core",
]

[[package]]
name = "bm-core"
version = "0.1.0"

[[package]]
name = "bm-replay"
version = "0.1.0"
dependencies = [
 "bm-core",
 "bm-sdk",
 "bm-store",
]

[[package]]
name = "bm-sdk"
version = "0.1.0"
dependencies = [
 "bm-core",
 "bm-store",
]

[[package]]
name = "bm-store"
version = "0.1.0"
dependencies = [
 "bm-core",
]
